{
  "name": "tsproj",
  "version": "1.0.0",
  "lockfileVersion": 1,
  "requires": true,
  "dependencies": {
    "@types/flexmonster": {
      "version": "2.6.0",
      "resolved": "https://registry.npmjs.org/@types/flexmonster/-/flexmonster-2.6.0.tgz",
      "integrity": "sha512-AYLgKyGKWM1scTGKe57T5Kzd5qht0cu+R3cxrFLAzUvm8+3Waxa/U2itGe1isIvpqHxA0gYNfj8an5WazVyvLA=="
    }
  }
}
